
Microsoft Visual Studio Solution File, Format Version 12.00
# Visual Studio Version 18
VisualStudioVersion = 18.6.11822.322
MinimumVisualStudioVersion = 10.0.40219.1
Project("{FAE04EC0-301F-11D3-BF4B-00C04F79EFBC}") = "Renci.SshNet", "SSH.NET\src\Renci.SshNet\Renci.SshNet.csproj", "{2F5F8C90-0BD1-424F-997C-7BC6280919D1}"
EndProject
Project("{930C7802-8A8C-48F9-8165-68863BCCD9DD}") = "SFTPSyncSetup", "SFTPSyncSetup\SFTPSyncSetup.wixproj", "{5074CBCB-641B-4A9C-B3BC-8DD0B78810A6}"
EndProject
Project("{FAE04EC0-301F-11D3-BF4B-00C04F79EFBC}") = "SFTPSyncUI", "SFTPSyncUI\SFTPSyncUI.csproj", "{84DE4273-4210-4577-831B-6B19F2C97C3F}"
EndProject
Project("{FAE04EC0-301F-11D3-BF4B-00C04F79EFBC}") = "SFTPSyncStop", "SftpSyncStop\SFTPSyncStop.csproj", "{297F3972-ECB1-4BEB-858C-4FAE54349FDC}"
EndProject
Project("{FAE04EC0-301F-11D3-BF4B-00C04F79EFBC}") = "SFTPSyncLib", "SFTPSyncLib\SFTPSyncLib.csproj", "{D0FF35C8-3122-4619-A0DE-AA2E28CE974F}"
EndProject
Project("{FAE04EC0-301F-11D3-BF4B-00C04F79EFBC}") = "SFTPSync", "SFTPSync\SFTPSync.csproj", "{F5D8FE33-58DD-0995-1195-5EBDB35FA0CB}"
EndProject
Project("{2150E333-8FDC-42A3-9474-1A3956D46DE8}") = "Solution Items", "Solution Items", "{8EC462FD-D22E-90A8-E5CE-7E832BA40C5D}"
	ProjectSection(SolutionItems) = preProject
		.github\workflows\build.yml = .github\workflows\build.yml
		LICENSE.md = LICENSE.md
		README.md = README.md
		UpdateSubModules.bat = UpdateSubModules.bat
	EndProjectSection
EndProject
Global
	GlobalSection(SolutionConfigurationPlatforms) = preSolution
		Debug|Any CPU = Debug|Any CPU
		Debug|x64 = Debug|x64
		Release|Any CPU = Release|Any CPU
		Release|x64 = Release|x64
	EndGlobalSection
	GlobalSection(ProjectConfigurationPlatforms) = postSolution
		{2F5F8C90-0BD1-424F-997C-7BC6280919D1}.Debug|Any CPU.ActiveCfg = Debug|Any CPU
		{2F5F8C90-0BD1-424F-997C-7BC6280919D1}.Debug|Any CPU.Build.0 = Debug|Any CPU
		{2F5F8C90-0BD1-424F-997C-7BC6280919D1}.Debug|x64.ActiveCfg = Debug|x64
		{2F5F8C90-0BD1-424F-997C-7BC6280919D1}.Debug|x64.Build.0 = Debug|x64
		{2F5F8C90-0BD1-424F-997C-7BC6280919D1}.Release|Any CPU.ActiveCfg = Release|Any CPU
		{2F5F8C90-0BD1-424F-997C-7BC6280919D1}.Release|Any CPU.Build.0 = Release|Any CPU
		{2F5F8C90-0BD1-424F-997C-7BC6280919D1}.Release|x64.ActiveCfg = Release|x64
		{2F5F8C90-0BD1-424F-997C-7BC6280919D1}.Release|x64.Build.0 = Release|x64
		{5074CBCB-641B-4A9C-B3BC-8DD0B78810A6}.Debug|Any CPU.ActiveCfg = Release|x64
		{5074CBCB-641B-4A9C-B3BC-8DD0B78810A6}.Debug|x64.ActiveCfg = Release|x64
		{5074CBCB-641B-4A9C-B3BC-8DD0B78810A6}.Release|Any CPU.ActiveCfg = Release|x64
		{5074CBCB-641B-4A9C-B3BC-8DD0B78810A6}.Release|x64.ActiveCfg = Release|x64
		{84DE4273-4210-4577-831B-6B19F2C97C3F}.Debug|Any CPU.ActiveCfg = Debug|Any CPU
		{84DE4273-4210-4577-831B-6B19F2C97C3F}.Debug|Any CPU.Build.0 = Debug|Any CPU
		{84DE4273-4210-4577-831B-6B19F2C97C3F}.Debug|x64.ActiveCfg = Debug|Any CPU
		{84DE4273-4210-4577-831B-6B19F2C97C3F}.Debug|x64.Build.0 = Debug|Any CPU
		{84DE4273-4210-4577-831B-6B19F2C97C3F}.Release|Any CPU.ActiveCfg = Release|Any CPU
		{84DE4273-4210-4577-831B-6B19F2C97C3F}.Release|Any CPU.Build.0 = Release|Any CPU
		{84DE4273-4210-4577-831B-6B19F2C97C3F}.Release|x64.ActiveCfg = Release|Any CPU
		{84DE4273-4210-4577-831B-6B19F2C97C3F}.Release|x64.Build.0 = Release|Any CPU
		{297F3972-ECB1-4BEB-858C-4FAE54349FDC}.Debug|Any CPU.ActiveCfg = Debug|Any CPU
		{297F3972-ECB1-4BEB-858C-4FAE54349FDC}.Debug|Any CPU.Build.0 = Debug|Any CPU
		{297F3972-ECB1-4BEB-858C-4FAE54349FDC}.Debug|x64.ActiveCfg = Debug|Any CPU
		{297F3972-ECB1-4BEB-858C-4FAE54349FDC}.Debug|x64.Build.0 = Debug|Any CPU
		{297F3972-ECB1-4BEB-858C-4FAE54349FDC}.Release|Any CPU.ActiveCfg = Release|Any CPU
		{297F3972-ECB1-4BEB-858C-4FAE54349FDC}.Release|Any CPU.Build.0 = Release|Any CPU
		{297F3972-ECB1-4BEB-858C-4FAE54349FDC}.Release|x64.ActiveCfg = Release|Any CPU
		{297F3972-ECB1-4BEB-858C-4FAE54349FDC}.Release|x64.Build.0 = Release|Any CPU
		{D0FF35C8-3122-4619-A0DE-AA2E28CE974F}.Debug|Any CPU.ActiveCfg = Debug|Any CPU
		{D0FF35C8-3122-4619-A0DE-AA2E28CE974F}.Debug|Any CPU.Build.0 = Debug|Any CPU
		{D0FF35C8-3122-4619-A0DE-AA2E28CE974F}.Debug|x64.ActiveCfg = Debug|Any CPU
		{D0FF35C8-3122-4619-A0DE-AA2E28CE974F}.Debug|x64.Build.0 = Debug|Any CPU
		{D0FF35C8-3122-4619-A0DE-AA2E28CE974F}.Release|Any CPU.ActiveCfg = Release|Any CPU
		{D0FF35C8-3122-4619-A0DE-AA2E28CE974F}.Release|Any CPU.Build.0 = Release|Any CPU
		{D0FF35C8-3122-4619-A0DE-AA2E28CE974F}.Release|x64.ActiveCfg = Release|Any CPU
		{D0FF35C8-3122-4619-A0DE-AA2E28CE974F}.Release|x64.Build.0 = Release|Any CPU
		{F5D8FE33-58DD-0995-1195-5EBDB35FA0CB}.Debug|Any CPU.ActiveCfg = Debug|Any CPU
		{F5D8FE33-58DD-0995-1195-5EBDB35FA0CB}.Debug|Any CPU.Build.0 = Debug|Any CPU
		{F5D8FE33-58DD-0995-1195-5EBDB35FA0CB}.Debug|x64.ActiveCfg = Debug|Any CPU
		{F5D8FE33-58DD-0995-1195-5EBDB35FA0CB}.Debug|x64.Build.0 = Debug|Any CPU
		{F5D8FE33-58DD-0995-1195-5EBDB35FA0CB}.Release|Any CPU.ActiveCfg = Release|Any CPU
		{F5D8FE33-58DD-0995-1195-5EBDB35FA0CB}.Release|Any CPU.Build.0 = Release|Any CPU
		{F5D8FE33-58DD-0995-1195-5EBDB35FA0CB}.Release|x64.ActiveCfg = Release|Any CPU
		{F5D8FE33-58DD-0995-1195-5EBDB35FA0CB}.Release|x64.Build.0 = Release|Any CPU
	EndGlobalSection
	GlobalSection(SolutionProperties) = preSolution
		HideSolutionNode = FALSE
	EndGlobalSection
	GlobalSection(ExtensibilityGlobals) = postSolution
		SolutionGuid = {E3A77139-D17E-4D1B-B0B4-CCE29731C9C4}
	EndGlobalSection
EndGlobal
